PODS:
  - AFNetworking/NSURLSession (4.0.1):
    - AFNetworking/Reachability
    - AFNetworking/Security
    - AFNetworking/Serialization
  - AFNetworking/Reachability (4.0.1)
  - AFNetworking/Security (4.0.1)
  - AFNetworking/Serialization (4.0.1)
  - LSUniversalBroadcastSDK (42.42.43):
    - LSUniversalBroadcastSDK/mucl_lite (= 42.42.43)
  - LSUniversalBroadcastSDK/mucl_lite (42.42.43)
  - SightCallVisionSDK (5.4.2):
    - SightCallVisionSDK/AdvancedAnnotations (= 5.4.2)
    - SightCallVisionSDK/ApplicationModel (= 5.4.2)
    - SightCallVisionSDK/CocoaLumberjack (= 5.4.2)
    - SightCallVisionSDK/CodeScanner (= 5.4.2)
    - SightCallVisionSDK/Common (= 5.4.2)
    - SightCallVisionSDK/CommonObjC (= 5.4.2)
    - SightCallVisionSDK/Core (= 5.4.2)
    - SightCallVisionSDK/DigitalFlow (= 5.4.2)
    - SightCallVisionSDK/FileUpload (= 5.4.2)
    - SightCallVisionSDK/Gzip (= 5.4.2)
    - SightCallVisionSDK/LiveTranslation (= 5.4.2)
    - SightCallVisionSDK/LocationCapture (= 5.4.2)
    - SightCallVisionSDK/LSUniversalBase (= 5.4.2)
    - SightCallVisionSDK/LSUniversalSDK (= 5.4.2)
    - SightCallVisionSDK/MediaCapture (= 5.4.2)
    - SightCallVisionSDK/Meeting (= 5.4.2)
    - SightCallVisionSDK/mucl (= 5.4.2)
    - SightCallVisionSDK/MuclWrapper (= 5.4.2)
    - SightCallVisionSDK/Multiparty (= 5.4.2)
    - SightCallVisionSDK/OCRCapture (= 5.4.2)
    - SightCallVisionSDK/Permissions (= 5.4.2)
    - SightCallVisionSDK/QualityOfService (= 5.4.2)
    - SightCallVisionSDK/Rtcc (= 5.4.2)
    - SightCallVisionSDK/RtccUtils (= 5.4.2)
    - SightCallVisionSDK/SightcallAI (= 5.4.2)
    - SightCallVisionSDK/SmartMeasure (= 5.4.2)
    - SightCallVisionSDK/SVGgh (= 5.4.2)
    - SightCallVisionSDK/VisualAssistanceCore (= 5.4.2)
    - SightCallVisionSDK/VisualAssistanceCoreObjC (= 5.4.2)
    - SightCallVisionSDK/Wormhole (= 5.4.2)
    - SightCallVisionSDK/ZipArchive (= 5.4.2)
  - SightCallVisionSDK/AdvancedAnnotations (5.4.2):
    - SightCallVisionSDK/SVGgh
  - SightCallVisionSDK/ApplicationModel (5.4.2)
  - SightCallVisionSDK/CocoaLumberjack (5.4.2)
  - SightCallVisionSDK/CodeScanner (5.4.2)
  - SightCallVisionSDK/Common (5.4.2)
  - SightCallVisionSDK/CommonObjC (5.4.2)
  - SightCallVisionSDK/Core (5.4.2):
    - AFNetworking/NSURLSession (~> 4)
    - SightCallVisionSDK/AdvancedAnnotations
    - SightCallVisionSDK/ApplicationModel
    - SightCallVisionSDK/CocoaLumberjack
    - SightCallVisionSDK/CodeScanner
    - SightCallVisionSDK/Common
    - SightCallVisionSDK/CommonObjC
    - SightCallVisionSDK/DigitalFlow
    - SightCallVisionSDK/FileUpload
    - SightCallVisionSDK/LiveTranslation
    - SightCallVisionSDK/LocationCapture
    - SightCallVisionSDK/LSUniversalBase
    - SightCallVisionSDK/LSUniversalSDK
    - SightCallVisionSDK/MediaCapture
    - SightCallVisionSDK/Meeting
    - SightCallVisionSDK/mucl
    - SightCallVisionSDK/MuclWrapper
    - SightCallVisionSDK/Multiparty
    - SightCallVisionSDK/OCRCapture
    - SightCallVisionSDK/Permissions
    - SightCallVisionSDK/QualityOfService
    - SightCallVisionSDK/Rtcc
    - SightCallVisionSDK/RtccUtils
    - SightCallVisionSDK/SightcallAI
    - SightCallVisionSDK/SmartMeasure
    - SightCallVisionSDK/SVGgh
    - SightCallVisionSDK/VisualAssistanceCore
    - SightCallVisionSDK/VisualAssistanceCoreObjC
    - SightCallVisionSDK/Wormhole
  - SightCallVisionSDK/DigitalFlow (5.4.2)
  - SightCallVisionSDK/FileUpload (5.4.2)
  - SightCallVisionSDK/Gzip (5.4.2)
  - SightCallVisionSDK/LiveTranslation (5.4.2)
  - SightCallVisionSDK/LocationCapture (5.4.2)
  - SightCallVisionSDK/LSUniversalBase (5.4.2)
  - SightCallVisionSDK/LSUniversalSDK (5.4.2)
  - SightCallVisionSDK/MediaCapture (5.4.2):
    - SightCallVisionSDK/Permissions
  - SightCallVisionSDK/Meeting (5.4.2)
  - SightCallVisionSDK/mucl (5.4.2)
  - SightCallVisionSDK/MuclWrapper (5.4.2)
  - SightCallVisionSDK/Multiparty (5.4.2)
  - SightCallVisionSDK/OCRCapture (5.4.2)
  - SightCallVisionSDK/Permissions (5.4.2)
  - SightCallVisionSDK/QualityOfService (5.4.2)
  - SightCallVisionSDK/Rtcc (5.4.2):
    - SightCallVisionSDK/mucl
  - SightCallVisionSDK/RtccUtils (5.4.2)
  - SightCallVisionSDK/SightcallAI (5.4.2)
  - SightCallVisionSDK/SmartMeasure (5.4.2)
  - SightCallVisionSDK/SVGgh (5.4.2)
  - SightCallVisionSDK/VisualAssistanceCore (5.4.2)
  - SightCallVisionSDK/VisualAssistanceCoreObjC (5.4.2)
  - SightCallVisionSDK/Wormhole (5.4.2)
  - SightCallVisionSDK/ZipArchive (5.4.2)

DEPENDENCIES:
  - LSUniversalBroadcastSDK (= 42.42.43)
  - SightCallVisionSDK (= 5.4.2)

SPEC REPOS:
  https://gitlab.weemo.com/ios/cocoapods-internal.git:
    - SightCallVisionSDK
  trunk:
    - AFNetworking
    - LSUniversalBroadcastSDK

SPEC CHECKSUMS:
  AFNetworking: 3bd23d814e976cd148d7d44c3ab78017b744cd58
  LSUniversalBroadcastSDK: 68042b33f4513c5b9a312e0134cbb189e0d9a385
  SightCallVisionSDK: 2ec04f175ab35fdae49b5a1a82200d6927837e33

PODFILE CHECKSUM: f9766e07ee625156cccc9770ea7ec485414a94c1

COCOAPODS: 1.15.2
