PODS:
  - AFNetworking/NSURLSession (4.0.1):
    - AFNetworking/Reachability
    - AFNetworking/Security
    - AFNetworking/Serialization
  - AFNetworking/Reachability (4.0.1)
  - AFNetworking/Security (4.0.1)
  - AFNetworking/Serialization (4.0.1)
  - VisionSDK (5.8.4):
    - VisionSDK/AdvancedAnnotations (= 5.8.4)
    - VisionSDK/ApplicationModel (= 5.8.4)
    - VisionSDK/CocoaLumberjack (= 5.8.4)
    - VisionSDK/CodeScanner (= 5.8.4)
    - VisionSDK/Common (= 5.8.4)
    - VisionSDK/CommonObjC (= 5.8.4)
    - VisionSDK/Core (= 5.8.4)
    - VisionSDK/DigitalFlow (= 5.8.4)
    - VisionSDK/FileUpload (= 5.8.4)
    - VisionSDK/Gzip (= 5.8.4)
    - VisionSDK/LiveTranslation (= 5.8.4)
    - VisionSDK/LocationCapture (= 5.8.4)
    - VisionSDK/LSUniversalBase (= 5.8.4)
    - VisionSDK/LSUniversalSDK (= 5.8.4)
    - VisionSDK/MediaCapture (= 5.8.4)
    - VisionSDK/Meeting (= 5.8.4)
    - VisionSDK/mucl (= 5.8.4)
    - VisionSDK/MuclWrapper (= 5.8.4)
    - VisionSDK/Multiparty (= 5.8.4)
    - VisionSDK/OCRCapture (= 5.8.4)
    - VisionSDK/Permissions (= 5.8.4)
    - VisionSDK/QualityOfService (= 5.8.4)
    - VisionSDK/Rtcc (= 5.8.4)
    - VisionSDK/RtccUtils (= 5.8.4)
    - VisionSDK/SightcallAI (= 5.8.4)
    - VisionSDK/SightcallVision (= 5.8.4)
    - VisionSDK/SmartMeasure (= 5.8.4)
    - VisionSDK/SVGgh (= 5.8.4)
    - VisionSDK/VisualAssistanceCore (= 5.8.4)
    - VisionSDK/VisualAssistanceCoreObjC (= 5.8.4)
    - VisionSDK/Wormhole (= 5.8.4)
    - VisionSDK/ZipArchive (= 5.8.4)
  - VisionSDK/AdvancedAnnotations (5.8.4):
    - VisionSDK/SVGgh
  - VisionSDK/ApplicationModel (5.8.4)
  - VisionSDK/CocoaLumberjack (5.8.4)
  - VisionSDK/CodeScanner (5.8.4)
  - VisionSDK/Common (5.8.4)
  - VisionSDK/CommonObjC (5.8.4)
  - VisionSDK/Core (5.8.4):
    - AFNetworking/NSURLSession (~> 4)
    - VisionSDK/AdvancedAnnotations
    - VisionSDK/ApplicationModel
    - VisionSDK/CocoaLumberjack
    - VisionSDK/CodeScanner
    - VisionSDK/Common
    - VisionSDK/CommonObjC
    - VisionSDK/DigitalFlow
    - VisionSDK/FileUpload
    - VisionSDK/LiveTranslation
    - VisionSDK/LocationCapture
    - VisionSDK/LSUniversalBase
    - VisionSDK/LSUniversalSDK
    - VisionSDK/MediaCapture
    - VisionSDK/Meeting
    - VisionSDK/mucl
    - VisionSDK/MuclWrapper
    - VisionSDK/Multiparty
    - VisionSDK/OCRCapture
    - VisionSDK/Permissions
    - VisionSDK/QualityOfService
    - VisionSDK/Rtcc
    - VisionSDK/RtccUtils
    - VisionSDK/SightcallAI
    - VisionSDK/SightcallVision
    - VisionSDK/SmartMeasure
    - VisionSDK/SVGgh
    - VisionSDK/VisualAssistanceCore
    - VisionSDK/VisualAssistanceCoreObjC
    - VisionSDK/Wormhole
  - VisionSDK/DigitalFlow (5.8.4)
  - VisionSDK/FileUpload (5.8.4)
  - VisionSDK/Gzip (5.8.4)
  - VisionSDK/LiveTranslation (5.8.4)
  - VisionSDK/LocationCapture (5.8.4)
  - VisionSDK/LSUniversalBase (5.8.4)
  - VisionSDK/LSUniversalSDK (5.8.4)
  - VisionSDK/MediaCapture (5.8.4):
    - VisionSDK/Permissions
  - VisionSDK/Meeting (5.8.4)
  - VisionSDK/mucl (5.8.4)
  - VisionSDK/MuclWrapper (5.8.4)
  - VisionSDK/Multiparty (5.8.4)
  - VisionSDK/OCRCapture (5.8.4)
  - VisionSDK/Permissions (5.8.4)
  - VisionSDK/QualityOfService (5.8.4)
  - VisionSDK/Rtcc (5.8.4):
    - VisionSDK/mucl
  - VisionSDK/RtccUtils (5.8.4)
  - VisionSDK/SightcallAI (5.8.4)
  - VisionSDK/SightcallVision (5.8.4)
  - VisionSDK/SmartMeasure (5.8.4)
  - VisionSDK/SVGgh (5.8.4)
  - VisionSDK/VisualAssistanceCore (5.8.4)
  - VisionSDK/VisualAssistanceCoreObjC (5.8.4)
  - VisionSDK/Wormhole (5.8.4)
  - VisionSDK/ZipArchive (5.8.4)

DEPENDENCIES:
  - VisionSDK (= 5.8.4)

SPEC REPOS:
  https://gitlab.weemo.com/ios/cocoapods-internal.git:
    - VisionSDK
  trunk:
    - AFNetworking

SPEC CHECKSUMS:
  AFNetworking: 3bd23d814e976cd148d7d44c3ab78017b744cd58
  VisionSDK: 6cee7a96da351c32776a639439f4ea0e77306f97

PODFILE CHECKSUM: 09b482ead6710a916861cc7fb594902b4f3cac35

COCOAPODS: 1.15.2
